
Microsoft Visual Studio Solution File, Format Version 12.00
# Visual Studio 15
Project("{FAE04EC0-301F-11D3-BF4B-00C04F79EFBC}") = "FMODUnity", "FMODUnity.csproj", "{4B9EAA3A-2C55-C536-3229-951E8AFF21D3}"
EndProject
Project("{FAE04EC0-301F-11D3-BF4B-00C04F79EFBC}") = "FMODUnityEditor", "FMODUnityEditor.csproj", "{28F6DE90-57FA-149E-BCA8-3599FBA9BFDE}"
EndProject
Project("{FAE04EC0-301F-11D3-BF4B-00C04F79EFBC}") = "Assembly-CSharp", "Assembly-CSharp.csproj", "{18E0187C-6D4D-CD5B-06FE-531CE08CA9D2}"
EndProject
Project("{FAE04EC0-301F-11D3-BF4B-00C04F79EFBC}") = "FMODUnityResonanceEditor", "FMODUnityResonanceEditor.csproj", "{92423E40-BEDB-B806-E089-3A67F15D7201}"
EndProject
Project("{FAE04EC0-301F-11D3-BF4B-00C04F79EFBC}") = "FMODUnityResonance", "FMODUnityResonance.csproj", "{11A63F16-9E40-2FC6-458D-B86CC7B5A3B0}"
EndProject
Global
	GlobalSection(SolutionConfigurationPlatforms) = preSolution
		Debug|Any CPU = Debug|Any CPU
		Release|Any CPU = Release|Any CPU
	EndGlobalSection
	GlobalSection(ProjectConfigurationPlatforms) = postSolution
		{4B9EAA3A-2C55-C536-3229-951E8AFF21D3}.Debug|Any CPU.ActiveCfg = Debug|Any CPU
		{4B9EAA3A-2C55-C536-3229-951E8AFF21D3}.Debug|Any CPU.Build.0 = Debug|Any CPU
		{4B9EAA3A-2C55-C536-3229-951E8AFF21D3}.Release|Any CPU.ActiveCfg = Release|Any CPU
		{4B9EAA3A-2C55-C536-3229-951E8AFF21D3}.Release|Any CPU.Build.0 = Release|Any CPU
		{28F6DE90-57FA-149E-BCA8-3599FBA9BFDE}.Debug|Any CPU.ActiveCfg = Debug|Any CPU
		{28F6DE90-57FA-149E-BCA8-3599FBA9BFDE}.Debug|Any CPU.Build.0 = Debug|Any CPU
		{28F6DE90-57FA-149E-BCA8-3599FBA9BFDE}.Release|Any CPU.ActiveCfg = Release|Any CPU
		{28F6DE90-57FA-149E-BCA8-3599FBA9BFDE}.Release|Any CPU.Build.0 = Release|Any CPU
		{18E0187C-6D4D-CD5B-06FE-531CE08CA9D2}.Debug|Any CPU.ActiveCfg = Debug|Any CPU
		{18E0187C-6D4D-CD5B-06FE-531CE08CA9D2}.Debug|Any CPU.Build.0 = Debug|Any CPU
		{18E0187C-6D4D-CD5B-06FE-531CE08CA9D2}.Release|Any CPU.ActiveCfg = Release|Any CPU
		{18E0187C-6D4D-CD5B-06FE-531CE08CA9D2}.Release|Any CPU.Build.0 = Release|Any CPU
		{92423E40-BEDB-B806-E089-3A67F15D7201}.Debug|Any CPU.ActiveCfg = Debug|Any CPU
		{92423E40-BEDB-B806-E089-3A67F15D7201}.Debug|Any CPU.Build.0 = Debug|Any CPU
		{92423E40-BEDB-B806-E089-3A67F15D7201}.Release|Any CPU.ActiveCfg = Release|Any CPU
		{92423E40-BEDB-B806-E089-3A67F15D7201}.Release|Any CPU.Build.0 = Release|Any CPU
		{11A63F16-9E40-2FC6-458D-B86CC7B5A3B0}.Debug|Any CPU.ActiveCfg = Debug|Any CPU
		{11A63F16-9E40-2FC6-458D-B86CC7B5A3B0}.Debug|Any CPU.Build.0 = Debug|Any CPU
		{11A63F16-9E40-2FC6-458D-B86CC7B5A3B0}.Release|Any CPU.ActiveCfg = Release|Any CPU
		{11A63F16-9E40-2FC6-458D-B86CC7B5A3B0}.Release|Any CPU.Build.0 = Release|Any CPU
	EndGlobalSection
	GlobalSection(SolutionProperties) = preSolution
		HideSolutionNode = FALSE
	EndGlobalSection
EndGlobal
